{
  "name": "jsinsim",
  "version": "1.0.0",
  "lockfileVersion": 2,
  "requires": true,
  "packages": {
    "": {
      "name": "jsinsim",
      "version": "1.0.0",
      "license": "ISC",
      "dependencies": {
        "bufferlist": "^0.1.0"
      }
    },
    "node_modules/bufferlist": {
      "version": "0.1.0",
      "resolved": "https://registry.npmjs.org/bufferlist/-/bufferlist-0.1.0.tgz",
      "integrity": "sha512-cg77q4YhmxV+/e7WhrShHGyOgey0GowZwg0cfXKCz5v3wfx73pUyrsnLnGY7DQZnjhtvmAaSMrf045zuJpDGDg==",
      "engines": {
        "node": "*"
      }
    }
  },
  "dependencies": {
    "bufferlist": {
      "version": "0.1.0",
      "resolved": "https://registry.npmjs.org/bufferlist/-/bufferlist-0.1.0.tgz",
      "integrity": "sha512-cg77q4YhmxV+/e7WhrShHGyOgey0GowZwg0cfXKCz5v3wfx73pUyrsnLnGY7DQZnjhtvmAaSMrf045zuJpDGDg=="
    }
  }
}
